// !$*UTF8*$!
{
	archiveVersion = 1;
	classes = {
	};
	objectVersion = 50;
	objects = {

/* Begin PBXBuildFile section */
		7600317F26D64AF00019D18D /* Constant.swift in Sources */ = {isa = PBXBuildFile; fileRef = 7600317E26D64AF00019D18D /* Constant.swift */; };
		7600318226D64FF20019D18D /* Networking.swift in Sources */ = {isa = PBXBuildFile; fileRef = 7600318126D64FF20019D18D /* Networking.swift */; };
		7628FD5C26D613D400B7D32A /* AppDelegate.swift in Sources */ = {isa = PBXBuildFile; fileRef = 7628FD5B26D613D400B7D32A /* AppDelegate.swift */; };
		7628FD5E26D613D400B7D32A /* SceneDelegate.swift in Sources */ = {isa = PBXBuildFile; fileRef = 7628FD5D26D613D400B7D32A /* SceneDelegate.swift */; };
		7628FD6026D613D400B7D32A /* MovieDBVC.swift in Sources */ = {isa = PBXBuildFile; fileRef = 7628FD5F26D613D400B7D32A /* MovieDBVC.swift */; };
		7628FD6326D613D400B7D32A /* Main.storyboard in Resources */ = {isa = PBXBuildFile; fileRef = 7628FD6126D613D400B7D32A /* Main.storyboard */; };
		7628FD6526D613D400B7D32A /* Assets.xcassets in Resources */ = {isa = PBXBuildFile; fileRef = 7628FD6426D613D400B7D32A /* Assets.xcassets */; };
		7628FD6826D613D400B7D32A /* LaunchScreen.storyboard in Resources */ = {isa = PBXBuildFile; fileRef = 7628FD6626D613D400B7D32A /* LaunchScreen.storyboard */; };
		7628FD7326D613D500B7D32A /* TheMovieDBTests.swift in Sources */ = {isa = PBXBuildFile; fileRef = 7628FD7226D613D500B7D32A /* TheMovieDBTests.swift */; };
		7628FD7E26D613D500B7D32A /* TheMovieDBUITests.swift in Sources */ = {isa = PBXBuildFile; fileRef = 7628FD7D26D613D500B7D32A /* TheMovieDBUITests.swift */; };
		7628FD8C26D6143100B7D32A /* CustomCell.swift in Sources */ = {isa = PBXBuildFile; fileRef = 7628FD8B26D6143100B7D32A /* CustomCell.swift */; };
		7628FD8E26D6149E00B7D32A /* Movie.swift in Sources */ = {isa = PBXBuildFile; fileRef = 7628FD8D26D6149E00B7D32A /* Movie.swift */; };
		7631297626DE09EE00D6C08C /* MovieViewModel.swift in Sources */ = {isa = PBXBuildFile; fileRef = 7631297526DE09EE00D6C08C /* MovieViewModel.swift */; };
		76D7284326D65F0E0017D24E /* SelectedMovieVC.swift in Sources */ = {isa = PBXBuildFile; fileRef = 76D7284226D65F0E0017D24E /* SelectedMovieVC.swift */; };
/* End PBXBuildFile section */

/* Begin PBXContainerItemProxy section */
		7628FD6F26D613D500B7D32A /* PBXContainerItemProxy */ = {
			isa = PBXContainerItemProxy;
			containerPortal = 7628FD5026D613D400B7D32A /* Project object */;
			proxyType = 1;
			remoteGlobalIDString = 7628FD5726D613D400B7D32A;
			remoteInfo = TheMovieDB;
		};
		7628FD7A26D613D500B7D32A /* PBXContainerItemProxy */ = {
			isa = PBXContainerItemProxy;
			containerPortal = 7628FD5026D613D400B7D32A /* Project object */;
			proxyType = 1;
			remoteGlobalIDString = 7628FD5726D613D400B7D32A;
			remoteInfo = TheMovieDB;
		};
/* End PBXContainerItemProxy section */

/* Begin PBXFileReference section */
		7600317E26D64AF00019D18D /* Constant.swift */ = {isa = PBXFileReference; lastKnownFileType = sourcecode.swift; path = Constant.swift; sourceTree = "<group>"; };
		7600318126D64FF20019D18D /* Networking.swift */ = {isa = PBXFileReference; lastKnownFileType = sourcecode.swift; path = Networking.swift; sourceTree = "<group>"; };
		7628FD5826D613D400B7D32A /* TheMovieDB.app */ = {isa = PBXFileReference; explicitFileType = wrapper.application; includeInIndex = 0; path = TheMovieDB.app; sourceTree = BUILT_PRODUCTS_DIR; };
		7628FD5B26D613D400B7D32A /* AppDelegate.swift */ = {isa = PBXFileReference; lastKnownFileType = sourcecode.swift; path = AppDelegate.swift; sourceTree = "<group>"; };
		7628FD5D26D613D400B7D32A /* SceneDelegate.swift */ = {isa = PBXFileReference; lastKnownFileType = sourcecode.swift; path = SceneDelegate.swift; sourceTree = "<group>"; };
		7628FD5F26D613D400B7D32A /* MovieDBVC.swift */ = {isa = PBXFileReference; lastKnownFileType = sourcecode.swift; path = MovieDBVC.swift; sourceTree = "<group>"; };
		7628FD6226D613D400B7D32A /* Base */ = {isa = PBXFileReference; lastKnownFileType = file.storyboard; name = Base; path = Base.lproj/Main.storyboard; sourceTree = "<group>"; };
		7628FD6426D613D400B7D32A /* Assets.xcassets */ = {isa = PBXFileReference; lastKnownFileType = folder.assetcatalog; path = Assets.xcassets; sourceTree = "<group>"; };
		7628FD6726D613D400B7D32A /* Base */ = {isa = PBXFileReference; lastKnownFileType = file.storyboard; name = Base; path = Base.lproj/LaunchScreen.storyboard; sourceTree = "<group>"; };
		7628FD6926D613D400B7D32A /* Info.plist */ = {isa = PBXFileReference; lastKnownFileType = text.plist.xml; path = Info.plist; sourceTree = "<group>"; };
		7628FD6E26D613D500B7D32A /* TheMovieDBTests.xctest */ = {isa = PBXFileReference; explicitFileType = wrapper.cfbundle; includeInIndex = 0; path = TheMovieDBTests.xctest; sourceTree = BUILT_PRODUCTS_DIR; };
		7628FD7226D613D500B7D32A /* TheMovieDBTests.swift */ = {isa = PBXFileReference; lastKnownFileType = sourcecode.swift; path = TheMovieDBTests.swift; sourceTree = "<group>"; };
		7628FD7426D613D500B7D32A /* Info.plist */ = {isa = PBXFileReference; lastKnownFileType = text.plist.xml; path = Info.plist; sourceTree = "<group>"; };
		7628FD7926D613D500B7D32A /* TheMovieDBUITests.xctest */ = {isa = PBXFileReference; explicitFileType = wrapper.cfbundle; includeInIndex = 0; path = TheMovieDBUITests.xctest; sourceTree = BUILT_PRODUCTS_DIR; };
		7628FD7D26D613D500B7D32A /* TheMovieDBUITests.swift */ = {isa = PBXFileReference; lastKnownFileType = sourcecode.swift; path = TheMovieDBUITests.swift; sourceTree = "<group>"; };
		7628FD7F26D613D500B7D32A /* Info.plist */ = {isa = PBXFileReference; lastKnownFileType = text.plist.xml; path = Info.plist; sourceTree = "<group>"; };
		7628FD8B26D6143100B7D32A /* CustomCell.swift */ = {isa = PBXFileReference; lastKnownFileType = sourcecode.swift; path = CustomCell.swift; sourceTree = "<group>"; };
		7628FD8D26D6149E00B7D32A /* Movie.swift */ = {isa = PBXFileReference; lastKnownFileType = sourcecode.swift; path = Movie.swift; sourceTree = "<group>"; };
		7631297526DE09EE00D6C08C /* MovieViewModel.swift */ = {isa = PBXFileReference; lastKnownFileType = sourcecode.swift; path = MovieViewModel.swift; sourceTree = "<group>"; };
		76D7284226D65F0E0017D24E /* SelectedMovieVC.swift */ = {isa = PBXFileReference; lastKnownFileType = sourcecode.swift; path = SelectedMovieVC.swift; sourceTree = "<group>"; };
/* End PBXFileReference section */

/* Begin PBXFrameworksBuildPhase section */
		7628FD5526D613D400B7D32A /* Frameworks */ = {
			isa = PBXFrameworksBuildPhase;
			buildActionMask = 2147483647;
			files = (
			);
			runOnlyForDeploymentPostprocessing = 0;
		};
		7628FD6B26D613D500B7D32A /* Frameworks */ = {
			isa = PBXFrameworksBuildPhase;
			buildActionMask = 2147483647;
			files = (
			);
			runOnlyForDeploymentPostprocessing = 0;
		};
		7628FD7626D613D500B7D32A /* Frameworks */ = {
			isa = PBXFrameworksBuildPhase;
			buildActionMask = 2147483647;
			files = (
			);
			runOnlyForDeploymentPostprocessing = 0;
		};
/* End PBXFrameworksBuildPhase section */

/* Begin PBXGroup section */
		7600317D26D64ADF0019D18D /* Common */ = {
			isa = PBXGroup;
			children = (
				7600317E26D64AF00019D18D /* Constant.swift */,
			);
			path = Common;
			sourceTree = "<group>";
		};
		7600318026D64FC70019D18D /* Networking */ = {
			isa = PBXGroup;
			children = (
				7600318126D64FF20019D18D /* Networking.swift */,
			);
			path = Networking;
			sourceTree = "<group>";
		};
		7628FD4F26D613D400B7D32A = {
			isa = PBXGroup;
			children = (
				7628FD5A26D613D400B7D32A /* TheMovieDB */,
				7628FD7126D613D500B7D32A /* TheMovieDBTests */,
				7628FD7C26D613D500B7D32A /* TheMovieDBUITests */,
				7628FD5926D613D400B7D32A /* Products */,
			);
			sourceTree = "<group>";
		};
		7628FD5926D613D400B7D32A /* Products */ = {
			isa = PBXGroup;
			children = (
				7628FD5826D613D400B7D32A /* TheMovieDB.app */,
				7628FD6E26D613D500B7D32A /* TheMovieDBTests.xctest */,
				7628FD7926D613D500B7D32A /* TheMovieDBUITests.xctest */,
			);
			name = Products;
			sourceTree = "<group>";
		};
		7628FD5A26D613D400B7D32A /* TheMovieDB */ = {
			isa = PBXGroup;
			children = (
				7631297426DE09CC00D6C08C /* ViewModel */,
				7600318026D64FC70019D18D /* Networking */,
				7600317D26D64ADF0019D18D /* Common */,
				7628FD9426D6324800B7D32A /* Supporting Files */,
				7628FD9126D631F900B7D32A /* Controller */,
				7628FD9026D631F200B7D32A /* View */,
				7628FD8F26D631E800B7D32A /* Model */,
				7628FD6426D613D400B7D32A /* Assets.xcassets */,
				7628FD6926D613D400B7D32A /* Info.plist */,
			);
			path = TheMovieDB;
			sourceTree = "<group>";
		};
		7628FD7126D613D500B7D32A /* TheMovieDBTests */ = {
			isa = PBXGroup;
			children = (
				7628FD7226D613D500B7D32A /* TheMovieDBTests.swift */,
				7628FD7426D613D500B7D32A /* Info.plist */,
			);
			path = TheMovieDBTests;
			sourceTree = "<group>";
		};
		7628FD7C26D613D500B7D32A /* TheMovieDBUITests */ = {
			isa = PBXGroup;
			children = (
				7628FD7D26D613D500B7D32A /* TheMovieDBUITests.swift */,
				7628FD7F26D613D500B7D32A /* Info.plist */,
			);
			path = TheMovieDBUITests;
			sourceTree = "<group>";
		};
		7628FD8F26D631E800B7D32A /* Model */ = {
			isa = PBXGroup;
			children = (
				7628FD8D26D6149E00B7D32A /* Movie.swift */,
			);
			path = Model;
			sourceTree = "<group>";
		};
		7628FD9026D631F200B7D32A /* View */ = {
			isa = PBXGroup;
			children = (
				7628FD9326D6321A00B7D32A /* StoryBoards */,
				7628FD9226D6321200B7D32A /* TableViewCell */,
			);
			path = View;
			sourceTree = "<group>";
		};
		7628FD9126D631F900B7D32A /* Controller */ = {
			isa = PBXGroup;
			children = (
				76D7284126D65EEC0017D24E /* SelectedMovieController */,
				7628FD9526D632BB00B7D32A /* MovieViewController */,
			);
			path = Controller;
			sourceTree = "<group>";
		};
		7628FD9226D6321200B7D32A /* TableViewCell */ = {
			isa = PBXGroup;
			children = (
				7628FD8B26D6143100B7D32A /* CustomCell.swift */,
			);
			path = TableViewCell;
			sourceTree = "<group>";
		};
		7628FD9326D6321A00B7D32A /* StoryBoards */ = {
			isa = PBXGroup;
			children = (
				7628FD6126D613D400B7D32A /* Main.storyboard */,
				7628FD6626D613D400B7D32A /* LaunchScreen.storyboard */,
			);
			path = StoryBoards;
			sourceTree = "<group>";
		};
		7628FD9426D6324800B7D32A /* Supporting Files */ = {
			isa = PBXGroup;
			children = (
				7628FD5B26D613D400B7D32A /* AppDelegate.swift */,
				7628FD5D26D613D400B7D32A /* SceneDelegate.swift */,
			);
			path = "Supporting Files";
			sourceTree = "<group>";
		};
		7628FD9526D632BB00B7D32A /* MovieViewController */ = {
			isa = PBXGroup;
			children = (
				7628FD5F26D613D400B7D32A /* MovieDBVC.swift */,
			);
			path = MovieViewController;
			sourceTree = "<group>";
		};
		7631297426DE09CC00D6C08C /* ViewModel */ = {
			isa = PBXGroup;
			children = (
				7631297526DE09EE00D6C08C /* MovieViewModel.swift */,
			);
			path = ViewModel;
			sourceTree = "<group>";
		};
		76D7284126D65EEC0017D24E /* SelectedMovieController */ = {
			isa = PBXGroup;
			children = (
				76D7284226D65F0E0017D24E /* SelectedMovieVC.swift */,
			);
			path = SelectedMovieController;
			sourceTree = "<group>";
		};
/* End PBXGroup section */

/* Begin PBXNativeTarget section */
		7628FD5726D613D400B7D32A /* TheMovieDB */ = {
			isa = PBXNativeTarget;
			buildConfigurationList = 7628FD8226D613D500B7D32A /* Build configuration list for PBXNativeTarget "TheMovieDB" */;
			buildPhases = (
				7628FD5426D613D400B7D32A /* Sources */,
				7628FD5526D613D400B7D32A /* Frameworks */,
				7628FD5626D613D400B7D32A /* Resources */,
			);
			buildRules = (
			);
			dependencies = (
			);
			name = TheMovieDB;
			productName = TheMovieDB;
			productReference = 7628FD5826D613D400B7D32A /* TheMovieDB.app */;
			productType = "com.apple.product-type.application";
		};
		7628FD6D26D613D500B7D32A /* TheMovieDBTests */ = {
			isa = PBXNativeTarget;
			buildConfigurationList = 7628FD8526D613D500B7D32A /* Build configuration list for PBXNativeTarget "TheMovieDBTests" */;
			buildPhases = (
				7628FD6A26D613D500B7D32A /* Sources */,
				7628FD6B26D613D500B7D32A /* Frameworks */,
				7628FD6C26D613D500B7D32A /* Resources */,
			);
			buildRules = (
			);
			dependencies = (
				7628FD7026D613D500B7D32A /* PBXTargetDependency */,
			);
			name = TheMovieDBTests;
			productName = TheMovieDBTests;
			productReference = 7628FD6E26D613D500B7D32A /* TheMovieDBTests.xctest */;
			productType = "com.apple.product-type.bundle.unit-test";
		};
		7628FD7826D613D500B7D32A /* TheMovieDBUITests */ = {
			isa = PBXNativeTarget;
			buildConfigurationList = 7628FD8826D613D500B7D32A /* Build configuration list for PBXNativeTarget "TheMovieDBUITests" */;
			buildPhases = (
				7628FD7526D613D500B7D32A /* Sources */,
				7628FD7626D613D500B7D32A /* Frameworks */,
				7628FD7726D613D500B7D32A /* Resources */,
			);
			buildRules = (
			);
			dependencies = (
				7628FD7B26D613D500B7D32A /* PBXTargetDependency */,
			);
			name = TheMovieDBUITests;
			productName = TheMovieDBUITests;
			productReference = 7628FD7926D613D500B7D32A /* TheMovieDBUITests.xctest */;
			productType = "com.apple.product-type.bundle.ui-testing";
		};
/* End PBXNativeTarget section */

/* Begin PBXProject section */
		7628FD5026D613D400B7D32A /* Project object */ = {
			isa = PBXProject;
			attributes = {
				LastSwiftUpdateCheck = 1250;
				LastUpgradeCheck = 1250;
				TargetAttributes = {
					7628FD5726D613D400B7D32A = {
						CreatedOnToolsVersion = 12.5.1;
					};
					7628FD6D26D613D500B7D32A = {
						CreatedOnToolsVersion = 12.5.1;
						TestTargetID = 7628FD5726D613D400B7D32A;
					};
					7628FD7826D613D500B7D32A = {
						CreatedOnToolsVersion = 12.5.1;
						TestTargetID = 7628FD5726D613D400B7D32A;
					};
				};
			};
			buildConfigurationList = 7628FD5326D613D400B7D32A /* Build configuration list for PBXProject "TheMovieDB" */;
			compatibilityVersion = "Xcode 9.3";
			developmentRegion = en;
			hasScannedForEncodings = 0;
			knownRegions = (
				en,
				Base,
			);
			mainGroup = 7628FD4F26D613D400B7D32A;
			productRefGroup = 7628FD5926D613D400B7D32A /* Products */;
			projectDirPath = "";
			projectRoot = "";
			targets = (
				7628FD5726D613D400B7D32A /* TheMovieDB */,
				7628FD6D26D613D500B7D32A /* TheMovieDBTests */,
				7628FD7826D613D500B7D32A /* TheMovieDBUITests */,
			);
		};
/* End PBXProject section */

/* Begin PBXResourcesBuildPhase section */
		7628FD5626D613D400B7D32A /* Resources */ = {
			isa = PBXResourcesBuildPhase;
			buildActionMask = 2147483647;
			files = (
				7628FD6826D613D400B7D32A /* LaunchScreen.storyboard in Resources */,
				7628FD6526D613D400B7D32A /* Assets.xcassets in Resources */,
				7628FD6326D613D400B7D32A /* Main.storyboard in Resources */,
			);
			runOnlyForDeploymentPostprocessing = 0;
		};
		7628FD6C26D613D500B7D32A /* Resources */ = {
			isa = PBXResourcesBuildPhase;
			buildActionMask = 2147483647;
			files = (
			);
			runOnlyForDeploymentPostprocessing = 0;
		};
		7628FD7726D613D500B7D32A /* Resources */ = {
			isa = PBXResourcesBuildPhase;
			buildActionMask = 2147483647;
			files = (
			);
			runOnlyForDeploymentPostprocessing = 0;
		};
/* End PBXResourcesBuildPhase section */

/* Begin PBXSourcesBuildPhase section */
		7628FD5426D613D400B7D32A /* Sources */ = {
			isa = PBXSourcesBuildPhase;
			buildActionMask = 2147483647;
			files = (
				7628FD6026D613D400B7D32A /* MovieDBVC.swift in Sources */,
				7628FD5C26D613D400B7D32A /* AppDelegate.swift in Sources */,
				76D7284326D65F0E0017D24E /* SelectedMovieVC.swift in Sources */,
				7628FD8C26D6143100B7D32A /* CustomCell.swift in Sources */,
				7628FD5E26D613D400B7D32A /* SceneDelegate.swift in Sources */,
				7631297626DE09EE00D6C08C /* MovieViewModel.swift in Sources */,
				7628FD8E26D6149E00B7D32A /* Movie.swift in Sources */,
				7600317F26D64AF00019D18D /* Constant.swift in Sources */,
				7600318226D64FF20019D18D /* Networking.swift in Sources */,
			);
			runOnlyForDeploymentPostprocessing = 0;
		};
		7628FD6A26D613D500B7D32A /* Sources */ = {
			isa = PBXSourcesBuildPhase;
			buildActionMask = 2147483647;
			files = (
				7628FD7326D613D500B7D32A /* TheMovieDBTests.swift in Sources */,
			);
			runOnlyForDeploymentPostprocessing = 0;
		};
		7628FD7526D613D500B7D32A /* Sources */ = {
			isa = PBXSourcesBuildPhase;
			buildActionMask = 2147483647;
			files = (
				7628FD7E26D613D500B7D32A /* TheMovieDBUITests.swift in Sources */,
			);
			runOnlyForDeploymentPostprocessing = 0;
		};
/* End PBXSourcesBuildPhase section */

/* Begin PBXTargetDependency section */
		7628FD7026D613D500B7D32A /* PBXTargetDependency */ = {
			isa = PBXTargetDependency;
			target = 7628FD5726D613D400B7D32A /* TheMovieDB */;
			targetProxy = 7628FD6F26D613D500B7D32A /* PBXContainerItemProxy */;
		};
		7628FD7B26D613D500B7D32A /* PBXTargetDependency */ = {
			isa = PBXTargetDependency;
			target = 7628FD5726D613D400B7D32A /* TheMovieDB */;
			targetProxy = 7628FD7A26D613D500B7D32A /* PBXContainerItemProxy */;
		};
/* End PBXTargetDependency section */

/* Begin PBXVariantGroup section */
		7628FD6126D613D400B7D32A /* Main.storyboard */ = {
			isa = PBXVariantGroup;
			children = (
				7628FD6226D613D400B7D32A /* Base */,
			);
			name = Main.storyboard;
			sourceTree = "<group>";
		};
		7628FD6626D613D400B7D32A /* LaunchScreen.storyboard */ = {
			isa = PBXVariantGroup;
			children = (
				7628FD6726D613D400B7D32A /* Base */,
			);
			name = LaunchScreen.storyboard;
			sourceTree = "<group>";
		};
/* End PBXVariantGroup section */

/* Begin XCBuildConfiguration section */
		7628FD8026D613D500B7D32A /* Debug */ = {
			isa = XCBuildConfiguration;
			buildSettings = {
				ALWAYS_SEARCH_USER_PATHS = NO;
				CLANG_ANALYZER_NONNULL = YES;
				CLANG_ANALYZER_NUMBER_OBJECT_CONVERSION = YES_AGGRESSIVE;
				CLANG_CXX_LANGUAGE_STANDARD = "gnu++14";
				CLANG_CXX_LIBRARY = "libc++";
				CLANG_ENABLE_MODULES = YES;
				CLANG_ENABLE_OBJC_ARC = YES;
				CLANG_ENABLE_OBJC_WEAK = YES;
				CLANG_WARN_BLOCK_CAPTURE_AUTORELEASING = YES;
				CLANG_WARN_BOOL_CONVERSION = YES;
				CLANG_WARN_COMMA = YES;
				CLANG_WARN_CONSTANT_CONVERSION = YES;
				CLANG_WARN_DEPRECATED_OBJC_IMPLEMENTATIONS = YES;
				CLANG_WARN_DIRECT_OBJC_ISA_USAGE = YES_ERROR;
				CLANG_WARN_DOCUMENTATION_COMMENTS = YES;
				CLANG_WARN_EMPTY_BODY = YES;
				CLANG_WARN_ENUM_CONVERSION = YES;
				CLANG_WARN_INFINITE_RECURSION = YES;
				CLANG_WARN_INT_CONVERSION = YES;
				CLANG_WARN_NON_LITERAL_NULL_CONVERSION = YES;
				CLANG_WARN_OBJC_IMPLICIT_RETAIN_SELF = YES;
				CLANG_WARN_OBJC_LITERAL_CONVERSION = YES;
				CLANG_WARN_OBJC_ROOT_CLASS = YES_ERROR;
				CLANG_WARN_QUOTED_INCLUDE_IN_FRAMEWORK_HEADER = YES;
				CLANG_WARN_RANGE_LOOP_ANALYSIS = YES;
				CLANG_WARN_STRICT_PROTOTYPES = YES;
				CLANG_WARN_SUSPICIOUS_MOVE = YES;
				CLANG_WARN_UNGUARDED_AVAILABILITY = YES_AGGRESSIVE;
				CLANG_WARN_UNREACHABLE_CODE = YES;
				CLANG_WARN__DUPLICATE_METHOD_MATCH = YES;
				COPY_PHASE_STRIP = NO;
				DEBUG_INFORMATION_FORMAT = dwarf;
				ENABLE_STRICT_OBJC_MSGSEND = YES;
				ENABLE_TESTABILITY = YES;
				GCC_C_LANGUAGE_STANDARD = gnu11;
				GCC_DYNAMIC_NO_PIC = NO;
				GCC_NO_COMMON_BLOCKS = YES;
				GCC_OPTIMIZATION_LEVEL = 0;
				GCC_PREPROCESSOR_DEFINITIONS = (
					"DEBUG=1",
					"$(inherited)",
				);
				GCC_WARN_64_TO_32_BIT_CONVERSION = YES;
				GCC_WARN_ABOUT_RETURN_TYPE = YES_ERROR;
				GCC_WARN_UNDECLARED_SELECTOR = YES;
				GCC_WARN_UNINITIALIZED_AUTOS = YES_AGGRESSIVE;
				GCC_WARN_UNUSED_FUNCTION = YES;
				GCC_WARN_UNUSED_VARIABLE = YES;
				IPHONEOS_DEPLOYMENT_TARGET = 14.5;
				MTL_ENABLE_DEBUG_INFO = INCLUDE_SOURCE;
				MTL_FAST_MATH = YES;
				ONLY_ACTIVE_ARCH = YES;
				SDKROOT = iphoneos;
				SWIFT_ACTIVE_COMPILATION_CONDITIONS = DEBUG;
				SWIFT_OPTIMIZATION_LEVEL = "-Onone";
			};
			name = Debug;
		};
		7628FD8126D613D500B7D32A /* Release */ = {
			isa = XCBuildConfiguration;
			buildSettings = {
				ALWAYS_SEARCH_USER_PATHS = NO;
				CLANG_ANALYZER_NONNULL = YES;
				CLANG_ANALYZER_NUMBER_OBJECT_CONVERSION = YES_AGGRESSIVE;
				CLANG_CXX_LANGUAGE_STANDARD = "gnu++14";
				CLANG_CXX_LIBRARY = "libc++";
				CLANG_ENABLE_MODULES = YES;
				CLANG_ENABLE_OBJC_ARC = YES;
				CLANG_ENABLE_OBJC_WEAK = YES;
				CLANG_WARN_BLOCK_CAPTURE_AUTORELEASING = YES;
				CLANG_WARN_BOOL_CONVERSION = YES;
				CLANG_WARN_COMMA = YES;
				CLANG_WARN_CONSTANT_CONVERSION = YES;
				CLANG_WARN_DEPRECATED_OBJC_IMPLEMENTATIONS = YES;
				CLANG_WARN_DIRECT_OBJC_ISA_USAGE = YES_ERROR;
				CLANG_WARN_DOCUMENTATION_COMMENTS = YES;
				CLANG_WARN_EMPTY_BODY = YES;
				CLANG_WARN_ENUM_CONVERSION = YES;
				CLANG_WARN_INFINITE_RECURSION = YES;
				CLANG_WARN_INT_CONVERSION = YES;
				CLANG_WARN_NON_LITERAL_NULL_CONVERSION = YES;
				CLANG_WARN_OBJC_IMPLICIT_RETAIN_SELF = YES;
				CLANG_WARN_OBJC_LITERAL_CONVERSION = YES;
				CLANG_WARN_OBJC_ROOT_CLASS = YES_ERROR;
				CLANG_WARN_QUOTED_INCLUDE_IN_FRAMEWORK_HEADER = YES;
				CLANG_WARN_RANGE_LOOP_ANALYSIS = YES;
				CLANG_WARN_STRICT_PROTOTYPES = YES;
				CLANG_WARN_SUSPICIOUS_MOVE = YES;
				CLANG_WARN_UNGUARDED_AVAILABILITY = YES_AGGRESSIVE;
				CLANG_WARN_UNREACHABLE_CODE = YES;
				CLANG_WARN__DUPLICATE_METHOD_MATCH = YES;
				COPY_PHASE_STRIP = NO;
				DEBUG_INFORMATION_FORMAT = "dwarf-with-dsym";
				ENABLE_NS_ASSERTIONS = NO;
				ENABLE_STRICT_OBJC_MSGSEND = YES;
				GCC_C_LANGUAGE_STANDARD = gnu11;
				GCC_NO_COMMON_BLOCKS = YES;
				GCC_WARN_64_TO_32_BIT_CONVERSION = YES;
				GCC_WARN_ABOUT_RETURN_TYPE = YES_ERROR;
				GCC_WARN_UNDECLARED_SELECTOR = YES;
				GCC_WARN_UNINITIALIZED_AUTOS = YES_AGGRESSIVE;
				GCC_WARN_UNUSED_FUNCTION = YES;
				GCC_WARN_UNUSED_VARIABLE = YES;
				IPHONEOS_DEPLOYMENT_TARGET = 14.5;
				MTL_ENABLE_DEBUG_INFO = NO;
				MTL_FAST_MATH = YES;
				SDKROOT = iphoneos;
				SWIFT_COMPILATION_MODE = wholemodule;
				SWIFT_OPTIMIZATION_LEVEL = "-O";
				VALIDATE_PRODUCT = YES;
			};
			name = Release;
		};
		7628FD8326D613D500B7D32A /* Debug */ = {
			isa = XCBuildConfiguration;
			buildSettings = {
				ASSETCATALOG_COMPILER_APPICON_NAME = AppIcon;
				ASSETCATALOG_COMPILER_GLOBAL_ACCENT_COLOR_NAME = AccentColor;
				CODE_SIGN_STYLE = Automatic;
				INFOPLIST_FILE = TheMovieDB/Info.plist;
				LD_RUNPATH_SEARCH_PATHS = (
					"$(inherited)",
					"@executable_path/Frameworks",
				);
				PRODUCT_BUNDLE_IDENTIFIER = com.project.TheMovieDB;
				PRODUCT_NAME = "$(TARGET_NAME)";
				SWIFT_VERSION = 5.0;
				TARGETED_DEVICE_FAMILY = "1,2";
			};
			name = Debug;
		};
		7628FD8426D613D500B7D32A /* Release */ = {
			isa = XCBuildConfiguration;
			buildSettings = {
				ASSETCATALOG_COMPILER_APPICON_NAME = AppIcon;
				ASSETCATALOG_COMPILER_GLOBAL_ACCENT_COLOR_NAME = AccentColor;
				CODE_SIGN_STYLE = Automatic;
				INFOPLIST_FILE = TheMovieDB/Info.plist;
				LD_RUNPATH_SEARCH_PATHS = (
					"$(inherited)",
					"@executable_path/Frameworks",
				);
				PRODUCT_BUNDLE_IDENTIFIER = com.project.TheMovieDB;
				PRODUCT_NAME = "$(TARGET_NAME)";
				SWIFT_VERSION = 5.0;
				TARGETED_DEVICE_FAMILY = "1,2";
			};
			name = Release;
		};
		7628FD8626D613D500B7D32A /* Debug */ = {
			isa = XCBuildConfiguration;
			buildSettings = {
				ALWAYS_EMBED_SWIFT_STANDARD_LIBRARIES = YES;
				BUNDLE_LOADER = "$(TEST_HOST)";
				CODE_SIGN_STYLE = Automatic;
				INFOPLIST_FILE = TheMovieDBTests/Info.plist;
				IPHONEOS_DEPLOYMENT_TARGET = 14.5;
				LD_RUNPATH_SEARCH_PATHS = (
					"$(inherited)",
					"@executable_path/Frameworks",
					"@loader_path/Frameworks",
				);
				PRODUCT_BUNDLE_IDENTIFIER = com.project.TheMovieDBTests;
				PRODUCT_NAME = "$(TARGET_NAME)";
				SWIFT_VERSION = 5.0;
				TARGETED_DEVICE_FAMILY = "1,2";
				TEST_HOST = "$(BUILT_PRODUCTS_DIR)/TheMovieDB.app/TheMovieDB";
			};
			name = Debug;
		};
		7628FD8726D613D500B7D32A /* Release */ = {
			isa = XCBuildConfiguration;
			buildSettings = {
				ALWAYS_EMBED_SWIFT_STANDARD_LIBRARIES = YES;
				BUNDLE_LOADER = "$(TEST_HOST)";
				CODE_SIGN_STYLE = Automatic;
				INFOPLIST_FILE = TheMovieDBTests/Info.plist;
				IPHONEOS_DEPLOYMENT_TARGET = 14.5;
				LD_RUNPATH_SEARCH_PATHS = (
					"$(inherited)",
					"@executable_path/Frameworks",
					"@loader_path/Frameworks",
				);
				PRODUCT_BUNDLE_IDENTIFIER = com.project.TheMovieDBTests;
				PRODUCT_NAME = "$(TARGET_NAME)";
				SWIFT_VERSION = 5.0;
				TARGETED_DEVICE_FAMILY = "1,2";
				TEST_HOST = "$(BUILT_PRODUCTS_DIR)/TheMovieDB.app/TheMovieDB";
			};
			name = Release;
		};
		7628FD8926D613D500B7D32A /* Debug */ = {
			isa = XCBuildConfiguration;
			buildSettings = {
				ALWAYS_EMBED_SWIFT_STANDARD_LIBRARIES = YES;
				CODE_SIGN_STYLE = Automatic;
				INFOPLIST_FILE = TheMovieDBUITests/Info.plist;
				LD_RUNPATH_SEARCH_PATHS = (
					"$(inherited)",
					"@executable_path/Frameworks",
					"@loader_path/Frameworks",
				);
				PRODUCT_BUNDLE_IDENTIFIER = com.project.TheMovieDBUITests;
				PRODUCT_NAME = "$(TARGET_NAME)";
				SWIFT_VERSION = 5.0;
				TARGETED_DEVICE_FAMILY = "1,2";
				TEST_TARGET_NAME = TheMovieDB;
			};
			name = Debug;
		};
		7628FD8A26D613D500B7D32A /* Release */ = {
			isa = XCBuildConfiguration;
			buildSettings = {
				ALWAYS_EMBED_SWIFT_STANDARD_LIBRARIES = YES;
				CODE_SIGN_STYLE = Automatic;
				INFOPLIST_FILE = TheMovieDBUITests/Info.plist;
				LD_RUNPATH_SEARCH_PATHS = (
					"$(inherited)",
					"@executable_path/Frameworks",
					"@loader_path/Frameworks",
				);
				PRODUCT_BUNDLE_IDENTIFIER = com.project.TheMovieDBUITests;
				PRODUCT_NAME = "$(TARGET_NAME)";
				SWIFT_VERSION = 5.0;
				TARGETED_DEVICE_FAMILY = "1,2";
				TEST_TARGET_NAME = TheMovieDB;
			};
			name = Release;
		};
/* End XCBuildConfiguration section */

/* Begin XCConfigurationList section */
		7628FD5326D613D400B7D32A /* Build configuration list for PBXProject "TheMovieDB" */ = {
			isa = XCConfigurationList;
			buildConfigurations = (
				7628FD8026D613D500B7D32A /* Debug */,
				7628FD8126D613D500B7D32A /* Release */,
			);
			defaultConfigurationIsVisible = 0;
			defaultConfigurationName = Release;
		};
		7628FD8226D613D500B7D32A /* Build configuration list for PBXNativeTarget "TheMovieDB" */ = {
			isa = XCConfigurationList;
			buildConfigurations = (
				7628FD8326D613D500B7D32A /* Debug */,
				7628FD8426D613D500B7D32A /* Release */,
			);
			defaultConfigurationIsVisible = 0;
			defaultConfigurationName = Release;
		};
		7628FD8526D613D500B7D32A /* Build configuration list for PBXNativeTarget "TheMovieDBTests" */ = {
			isa = XCConfigurationList;
			buildConfigurations = (
				7628FD8626D613D500B7D32A /* Debug */,
				7628FD8726D613D500B7D32A /* Release */,
			);
			defaultConfigurationIsVisible = 0;
			defaultConfigurationName = Release;
		};
		7628FD8826D613D500B7D32A /* Build configuration list for PBXNativeTarget "TheMovieDBUITests" */ = {
			isa = XCConfigurationList;
			buildConfigurations = (
				7628FD8926D613D500B7D32A /* Debug */,
				7628FD8A26D613D500B7D32A /* Release */,
			);
			defaultConfigurationIsVisible = 0;
			defaultConfigurationName = Release;
		};
/* End XCConfigurationList section */
	};
	rootObject = 7628FD5026D613D400B7D32A /* Project object */;
}
